
Microsoft Visual Studio Solution File, Format Version 12.00
# Visual Studio Version 17
VisualStudioVersion = 17.7.34018.315
MinimumVisualStudioVersion = 10.0.40219.1
Project("{FAE04EC0-301F-11D3-BF4B-00C04F79EFBC}") = "PointToPointApp", "PointToPointApp\PointToPointApp.csproj", "{42EED034-81FE-40F7-B0EE-CA0F883FD4FA}"
EndProject
Global
	GlobalSection(SolutionConfigurationPlatforms) = preSolution
		Debug|Any CPU = Debug|Any CPU
		Release|Any CPU = Release|Any CPU
	EndGlobalSection
	GlobalSection(ProjectConfigurationPlatforms) = postSolution
		{42EED034-81FE-40F7-B0EE-CA0F883FD4FA}.Debug|Any CPU.ActiveCfg = Debug|Any CPU
		{42EED034-81FE-40F7-B0EE-CA0F883FD4FA}.Debug|Any CPU.Build.0 = Debug|Any CPU
		{42EED034-81FE-40F7-B0EE-CA0F883FD4FA}.Release|Any CPU.ActiveCfg = Release|Any CPU
		{42EED034-81FE-40F7-B0EE-CA0F883FD4FA}.Release|Any CPU.Build.0 = Release|Any CPU
	EndGlobalSection
	GlobalSection(SolutionProperties) = preSolution
		HideSolutionNode = FALSE
	EndGlobalSection
	GlobalSection(ExtensibilityGlobals) = postSolution
		SolutionGuid = {CAE23AF5-7090-4B23-843E-BACA35BC011C}
	EndGlobalSection
EndGlobal
