
Microsoft Visual Studio Solution File, Format Version 12.00
# Visual Studio Version 17
VisualStudioVersion = 17.7.34018.315
MinimumVisualStudioVersion = 10.0.40219.1
Project("{9A19103F-16F7-4668-BE54-9A1E7A4F7556}") = "PointToPointApp", "PointToPointApp\PointToPointApp.csproj", "{42EED034-81FE-40F7-B0EE-CA0F883FD4FA}"
EndProject
Project("{9A19103F-16F7-4668-BE54-9A1E7A4F7556}") = "PointToPointMaui", "PointToPointMaui\PointToPointMaui\PointToPointMaui.csproj", "{1CAF3776-D734-46DD-8F5E-684831BF2D35}"
EndProject
Project("{FAE04EC0-301F-11D3-BF4B-00C04F79EFBC}") = "PointToPointSystem", "..\PointToPointSystem\PointToPointSystem.csproj", "{12072A44-3E9F-4789-BA89-EF8D5D62379B}"
EndProject
Project("{FAE04EC0-301F-11D3-BF4B-00C04F79EFBC}") = "PointToPointTest", "..\PointToPointTest\PointToPointTest.csproj", "{DD00A024-9ECC-4858-85F1-80182BF091F0}"
EndProject
Global
	GlobalSection(SolutionConfigurationPlatforms) = preSolution
		Debug|Any CPU = Debug|Any CPU
		Release|Any CPU = Release|Any CPU
	EndGlobalSection
	GlobalSection(ProjectConfigurationPlatforms) = postSolution
		{42EED034-81FE-40F7-B0EE-CA0F883FD4FA}.Debug|Any CPU.ActiveCfg = Debug|Any CPU
		{42EED034-81FE-40F7-B0EE-CA0F883FD4FA}.Debug|Any CPU.Build.0 = Debug|Any CPU
		{42EED034-81FE-40F7-B0EE-CA0F883FD4FA}.Release|Any CPU.ActiveCfg = Release|Any CPU
		{42EED034-81FE-40F7-B0EE-CA0F883FD4FA}.Release|Any CPU.Build.0 = Release|Any CPU
		{1CAF3776-D734-46DD-8F5E-684831BF2D35}.Debug|Any CPU.ActiveCfg = Debug|Any CPU
		{1CAF3776-D734-46DD-8F5E-684831BF2D35}.Debug|Any CPU.Build.0 = Debug|Any CPU
		{1CAF3776-D734-46DD-8F5E-684831BF2D35}.Debug|Any CPU.Deploy.0 = Debug|Any CPU
		{1CAF3776-D734-46DD-8F5E-684831BF2D35}.Release|Any CPU.ActiveCfg = Release|Any CPU
		{1CAF3776-D734-46DD-8F5E-684831BF2D35}.Release|Any CPU.Build.0 = Release|Any CPU
		{1CAF3776-D734-46DD-8F5E-684831BF2D35}.Release|Any CPU.Deploy.0 = Release|Any CPU
		{12072A44-3E9F-4789-BA89-EF8D5D62379B}.Debug|Any CPU.ActiveCfg = Debug|Any CPU
		{12072A44-3E9F-4789-BA89-EF8D5D62379B}.Debug|Any CPU.Build.0 = Debug|Any CPU
		{12072A44-3E9F-4789-BA89-EF8D5D62379B}.Release|Any CPU.ActiveCfg = Release|Any CPU
		{12072A44-3E9F-4789-BA89-EF8D5D62379B}.Release|Any CPU.Build.0 = Release|Any CPU
		{DD00A024-9ECC-4858-85F1-80182BF091F0}.Debug|Any CPU.ActiveCfg = Debug|Any CPU
		{DD00A024-9ECC-4858-85F1-80182BF091F0}.Debug|Any CPU.Build.0 = Debug|Any CPU
		{DD00A024-9ECC-4858-85F1-80182BF091F0}.Release|Any CPU.ActiveCfg = Release|Any CPU
		{DD00A024-9ECC-4858-85F1-80182BF091F0}.Release|Any CPU.Build.0 = Release|Any CPU
	EndGlobalSection
	GlobalSection(SolutionProperties) = preSolution
		HideSolutionNode = FALSE
	EndGlobalSection
	GlobalSection(ExtensibilityGlobals) = postSolution
		SolutionGuid = {CAE23AF5-7090-4B23-843E-BACA35BC011C}
	EndGlobalSection
EndGlobal
